
Microsoft Visual Studio Solution File, Format Version 12.00
# Visual Studio Version 17
VisualStudioVersion = 17.4.33403.182
MinimumVisualStudioVersion = 10.0.40219.1
Project("{FAE04EC0-301F-11D3-BF4B-00C04F79EFBC}") = "Modern-IT-AI-API", "AI_API\Modern-IT-AI-API.csproj", "{DC865073-9672-4EDC-BA73-85D9235B1470}"
EndProject
Global
	GlobalSection(SolutionConfigurationPlatforms) = preSolution
		Debug|Any CPU = Debug|Any CPU
		Release|Any CPU = Release|Any CPU
	EndGlobalSection
	GlobalSection(ProjectConfigurationPlatforms) = postSolution
		{DC865073-9672-4EDC-BA73-85D9235B1470}.Debug|Any CPU.ActiveCfg = Debug|Any CPU
		{DC865073-9672-4EDC-BA73-85D9235B1470}.Debug|Any CPU.Build.0 = Debug|Any CPU
		{DC865073-9672-4EDC-BA73-85D9235B1470}.Release|Any CPU.ActiveCfg = Release|Any CPU
		{DC865073-9672-4EDC-BA73-85D9235B1470}.Release|Any CPU.Build.0 = Release|Any CPU
	EndGlobalSection
	GlobalSection(SolutionProperties) = preSolution
		HideSolutionNode = FALSE
	EndGlobalSection
	GlobalSection(ExtensibilityGlobals) = postSolution
		SolutionGuid = {3F39878A-355C-4DCD-A56C-8A0D2029B8B6}
	EndGlobalSection
EndGlobal
